
Microsoft Visual Studio Solution File, Format Version 12.00
# Visual Studio Version 16
VisualStudioVersion = 16.0.30204.135
MinimumVisualStudioVersion = 10.0.40219.1
Project("{8BC9CEB8-8B4A-11D0-8D11-00A0C91BC942}") = "프로카데미", "프로카데미\프로카데미.vcxproj", "{0CB8FC74-E22A-47FE-AA82-1E86E5D9D140}"
EndProject
Project("{FAE04EC0-301F-11D3-BF4B-00C04F79EFBC}") = "프로카데미과제", "프로카데미과제\프로카데미과제.csproj", "{917BCA5D-9420-4C27-9B25-33172D3233EE}"
EndProject
Project("{8BC9CEB8-8B4A-11D0-8D11-00A0C91BC942}") = "0807", "0807\0807.vcxproj", "{980B1BC3-50DE-48B7-96C3-E6438F704FD5}"
EndProject
Project("{8BC9CEB8-8B4A-11D0-8D11-00A0C91BC942}") = "profiling", "profiling\profiling.vcxproj", "{FCC90FDC-731C-4494-9F6D-BA4092F19BD3}"
EndProject
Project("{8BC9CEB8-8B4A-11D0-8D11-00A0C91BC942}") = "test", "test\test.vcxproj", "{6AD35AAD-EA8B-4564-9753-7D3CDF285A11}"
EndProject
Project("{8BC9CEB8-8B4A-11D0-8D11-00A0C91BC942}") = "0811", "0811\0811.vcxproj", "{598D7D2D-46BF-4B9E-84DE-15024D880124}"
EndProject
Project("{8BC9CEB8-8B4A-11D0-8D11-00A0C91BC942}") = "0812", "0812\0812.vcxproj", "{9C234674-BD75-448C-9336-851E76A46BDD}"
EndProject
Project("{8BC9CEB8-8B4A-11D0-8D11-00A0C91BC942}") = "파일패킹", "파일패킹\파일패킹.vcxproj", "{F4689644-0977-4CEC-995F-05041BC9EF85}"
EndProject
Project("{8BC9CEB8-8B4A-11D0-8D11-00A0C91BC942}") = "프로젝트1", "프로젝트1\프로젝트1.vcxproj", "{CE0B0A4B-AD74-486E-BB85-651B7707BF28}"
EndProject
Project("{8BC9CEB8-8B4A-11D0-8D11-00A0C91BC942}") = "textParser", "textParser\textParser.vcxproj", "{DCB18203-58B2-4FBB-A2BE-F0856B17DC2A}"
EndProject
Project("{8BC9CEB8-8B4A-11D0-8D11-00A0C91BC942}") = "LinkedList", "LinkedList\LinkedList.vcxproj", "{A603D25D-4B40-42FD-B65F-E56F1A9544DF}"
EndProject
Project("{8BC9CEB8-8B4A-11D0-8D11-00A0C91BC942}") = "LinkedListTest", "LinkedListTest\LinkedListTest.vcxproj", "{A75C2BEE-94A8-4412-85E8-77A464361EED}"
EndProject
Project("{8BC9CEB8-8B4A-11D0-8D11-00A0C91BC942}") = "객체지향", "객체지향\객체지향.vcxproj", "{8C29AA78-7B65-43E8-B53E-CCF26D1D9041}"
EndProject
Project("{8BC9CEB8-8B4A-11D0-8D11-00A0C91BC942}") = "listTest", "listTest\listTest.vcxproj", "{0D9AF5A1-1E3C-4DA6-BD05-DA8946639F7A}"
EndProject
Project("{8BC9CEB8-8B4A-11D0-8D11-00A0C91BC942}") = "0918-0715", "0918-0715\0918-0715.vcxproj", "{966F3B93-01DA-4258-A9C8-45F7DC8A333B}"
EndProject
Project("{8BC9CEB8-8B4A-11D0-8D11-00A0C91BC942}") = "0919-0720", "0919-0720\0919-0720.vcxproj", "{4BB4EAD4-16EE-4694-B510-507CF66F99C2}"
EndProject
Project("{8BC9CEB8-8B4A-11D0-8D11-00A0C91BC942}") = "0921", "0921\0921.vcxproj", "{16BC0346-F793-40A0-A2A5-E1FDAECE0673}"
EndProject
Project("{8BC9CEB8-8B4A-11D0-8D11-00A0C91BC942}") = "9-21-2", "9-21-2\9-21-2.vcxproj", "{9506BF3B-42B2-4865-AD99-FCBD1BC54FE0}"
EndProject
Project("{8BC9CEB8-8B4A-11D0-8D11-00A0C91BC942}") = "Project1", "Project1\Project1.vcxproj", "{59E87008-2A56-45AC-93A3-3A670C76CDDA}"
EndProject
Project("{8BC9CEB8-8B4A-11D0-8D11-00A0C91BC942}") = "0925", "0925\0925.vcxproj", "{86620BB0-D0C3-4BA0-9410-D0DF66E3A14C}"
EndProject
Project("{8BC9CEB8-8B4A-11D0-8D11-00A0C91BC942}") = "0927", "0927\0927.vcxproj", "{F07F130F-AA51-40FF-84A9-7A0EEB5DB56C}"
EndProject
Project("{8BC9CEB8-8B4A-11D0-8D11-00A0C91BC942}") = "928", "928\928.vcxproj", "{F6ED7CED-2A08-4418-813F-4BEF7C8EE42C}"
EndProject
Project("{8BC9CEB8-8B4A-11D0-8D11-00A0C91BC942}") = "0929", "0929\0929.vcxproj", "{E96070FF-5AB2-4066-BA9A-F1343A915D31}"
EndProject
Project("{8BC9CEB8-8B4A-11D0-8D11-00A0C91BC942}") = "1014", "1014\1014.vcxproj", "{A37CE9D2-4272-4281-ADDA-19B7C97EDEEB}"
EndProject
Project("{8BC9CEB8-8B4A-11D0-8D11-00A0C91BC942}") = "1004", "1004\1004.vcxproj", "{BFE3D8C3-074C-4E8B-88AF-593BE2A1E9F0}"
EndProject
Project("{8BC9CEB8-8B4A-11D0-8D11-00A0C91BC942}") = "1006", "1006\1006.vcxproj", "{734A2657-B3B6-4E38-BEF3-C25EA4B37FAC}"
EndProject
Project("{8BC9CEB8-8B4A-11D0-8D11-00A0C91BC942}") = "1018", "1018\1018.vcxproj", "{46B12C19-91D8-45D8-8CD3-460CDFA90C3D}"
EndProject
Project("{8BC9CEB8-8B4A-11D0-8D11-00A0C91BC942}") = "프로파일러", "프로파일러\프로파일러.vcxproj", "{F7BB7136-27CF-4212-B57A-B9D2D7DCD8BB}"
EndProject
Project("{8BC9CEB8-8B4A-11D0-8D11-00A0C91BC942}") = "profiler1009", "profiler1009\profiler1009.vcxproj", "{D97BC09D-DB50-4D8F-A0D0-B985A2D8EAF6}"
EndProject
Project("{8BC9CEB8-8B4A-11D0-8D11-00A0C91BC942}") = "211010", "211010\211010.vcxproj", "{9D0790FB-B0FC-47E6-B9B1-1BD3D3D416EB}"
EndProject
Global
	GlobalSection(SolutionConfigurationPlatforms) = preSolution
		Debug|Any CPU = Debug|Any CPU
		Debug|x64 = Debug|x64
		Debug|x86 = Debug|x86
		Release|Any CPU = Release|Any CPU
		Release|x64 = Release|x64
		Release|x86 = Release|x86
	EndGlobalSection
	GlobalSection(ProjectConfigurationPlatforms) = postSolution
		{0CB8FC74-E22A-47FE-AA82-1E86E5D9D140}.Debug|Any CPU.ActiveCfg = Debug|Win32
		{0CB8FC74-E22A-47FE-AA82-1E86E5D9D140}.Debug|x64.ActiveCfg = Debug|x64
		{0CB8FC74-E22A-47FE-AA82-1E86E5D9D140}.Debug|x64.Build.0 = Debug|x64
		{0CB8FC74-E22A-47FE-AA82-1E86E5D9D140}.Debug|x86.ActiveCfg = Debug|Win32
		{0CB8FC74-E22A-47FE-AA82-1E86E5D9D140}.Debug|x86.Build.0 = Debug|Win32
		{0CB8FC74-E22A-47FE-AA82-1E86E5D9D140}.Release|Any CPU.ActiveCfg = Release|Win32
		{0CB8FC74-E22A-47FE-AA82-1E86E5D9D140}.Release|x64.ActiveCfg = Release|x64
		{0CB8FC74-E22A-47FE-AA82-1E86E5D9D140}.Release|x64.Build.0 = Release|x64
		{0CB8FC74-E22A-47FE-AA82-1E86E5D9D140}.Release|x86.ActiveCfg = Release|Win32
		{0CB8FC74-E22A-47FE-AA82-1E86E5D9D140}.Release|x86.Build.0 = Release|Win32
		{917BCA5D-9420-4C27-9B25-33172D3233EE}.Debug|Any CPU.ActiveCfg = Debug|Any CPU
		{917BCA5D-9420-4C27-9B25-33172D3233EE}.Debug|Any CPU.Build.0 = Debug|Any CPU
		{917BCA5D-9420-4C27-9B25-33172D3233EE}.Debug|x64.ActiveCfg = Debug|Any CPU
		{917BCA5D-9420-4C27-9B25-33172D3233EE}.Debug|x64.Build.0 = Debug|Any CPU
		{917BCA5D-9420-4C27-9B25-33172D3233EE}.Debug|x86.ActiveCfg = Debug|Any CPU
		{917BCA5D-9420-4C27-9B25-33172D3233EE}.Debug|x86.Build.0 = Debug|Any CPU
		{917BCA5D-9420-4C27-9B25-33172D3233EE}.Release|Any CPU.ActiveCfg = Release|Any CPU
		{917BCA5D-9420-4C27-9B25-33172D3233EE}.Release|Any CPU.Build.0 = Release|Any CPU
		{917BCA5D-9420-4C27-9B25-33172D3233EE}.Release|x64.ActiveCfg = Release|Any CPU
		{917BCA5D-9420-4C27-9B25-33172D3233EE}.Release|x64.Build.0 = Release|Any CPU
		{917BCA5D-9420-4C27-9B25-33172D3233EE}.Release|x86.ActiveCfg = Release|Any CPU
		{917BCA5D-9420-4C27-9B25-33172D3233EE}.Release|x86.Build.0 = Release|Any CPU
		{980B1BC3-50DE-48B7-96C3-E6438F704FD5}.Debug|Any CPU.ActiveCfg = Debug|Win32
		{980B1BC3-50DE-48B7-96C3-E6438F704FD5}.Debug|x64.ActiveCfg = Debug|x64
		{980B1BC3-50DE-48B7-96C3-E6438F704FD5}.Debug|x64.Build.0 = Debug|x64
		{980B1BC3-50DE-48B7-96C3-E6438F704FD5}.Debug|x86.ActiveCfg = Debug|Win32
		{980B1BC3-50DE-48B7-96C3-E6438F704FD5}.Debug|x86.Build.0 = Debug|Win32
		{980B1BC3-50DE-48B7-96C3-E6438F704FD5}.Release|Any CPU.ActiveCfg = Release|Win32
		{980B1BC3-50DE-48B7-96C3-E6438F704FD5}.Release|x64.ActiveCfg = Release|x64
		{980B1BC3-50DE-48B7-96C3-E6438F704FD5}.Release|x64.Build.0 = Release|x64
		{980B1BC3-50DE-48B7-96C3-E6438F704FD5}.Release|x86.ActiveCfg = Release|Win32
		{980B1BC3-50DE-48B7-96C3-E6438F704FD5}.Release|x86.Build.0 = Release|Win32
		{FCC90FDC-731C-4494-9F6D-BA4092F19BD3}.Debug|Any CPU.ActiveCfg = Debug|Win32
		{FCC90FDC-731C-4494-9F6D-BA4092F19BD3}.Debug|x64.ActiveCfg = Debug|x64
		{FCC90FDC-731C-4494-9F6D-BA4092F19BD3}.Debug|x64.Build.0 = Debug|x64
		{FCC90FDC-731C-4494-9F6D-BA4092F19BD3}.Debug|x86.ActiveCfg = Debug|Win32
		{FCC90FDC-731C-4494-9F6D-BA4092F19BD3}.Debug|x86.Build.0 = Debug|Win32
		{FCC90FDC-731C-4494-9F6D-BA4092F19BD3}.Release|Any CPU.ActiveCfg = Release|Win32
		{FCC90FDC-731C-4494-9F6D-BA4092F19BD3}.Release|x64.ActiveCfg = Release|x64
		{FCC90FDC-731C-4494-9F6D-BA4092F19BD3}.Release|x64.Build.0 = Release|x64
		{FCC90FDC-731C-4494-9F6D-BA4092F19BD3}.Release|x86.ActiveCfg = Release|Win32
		{FCC90FDC-731C-4494-9F6D-BA4092F19BD3}.Release|x86.Build.0 = Release|Win32
		{6AD35AAD-EA8B-4564-9753-7D3CDF285A11}.Debug|Any CPU.ActiveCfg = Debug|Win32
		{6AD35AAD-EA8B-4564-9753-7D3CDF285A11}.Debug|x64.ActiveCfg = Debug|x64
		{6AD35AAD-EA8B-4564-9753-7D3CDF285A11}.Debug|x64.Build.0 = Debug|x64
		{6AD35AAD-EA8B-4564-9753-7D3CDF285A11}.Debug|x86.ActiveCfg = Debug|Win32
		{6AD35AAD-EA8B-4564-9753-7D3CDF285A11}.Debug|x86.Build.0 = Debug|Win32
		{6AD35AAD-EA8B-4564-9753-7D3CDF285A11}.Release|Any CPU.ActiveCfg = Release|Win32
		{6AD35AAD-EA8B-4564-9753-7D3CDF285A11}.Release|x64.ActiveCfg = Release|x64
		{6AD35AAD-EA8B-4564-9753-7D3CDF285A11}.Release|x64.Build.0 = Release|x64
		{6AD35AAD-EA8B-4564-9753-7D3CDF285A11}.Release|x86.ActiveCfg = Release|Win32
		{6AD35AAD-EA8B-4564-9753-7D3CDF285A11}.Release|x86.Build.0 = Release|Win32
		{598D7D2D-46BF-4B9E-84DE-15024D880124}.Debug|Any CPU.ActiveCfg = Debug|Win32
		{598D7D2D-46BF-4B9E-84DE-15024D880124}.Debug|x64.ActiveCfg = Debug|x64
		{598D7D2D-46BF-4B9E-84DE-15024D880124}.Debug|x64.Build.0 = Debug|x64
		{598D7D2D-46BF-4B9E-84DE-15024D880124}.Debug|x86.ActiveCfg = Debug|Win32
		{598D7D2D-46BF-4B9E-84DE-15024D880124}.Debug|x86.Build.0 = Debug|Win32
		{598D7D2D-46BF-4B9E-84DE-15024D880124}.Release|Any CPU.ActiveCfg = Release|Win32
		{598D7D2D-46BF-4B9E-84DE-15024D880124}.Release|x64.ActiveCfg = Release|x64
		{598D7D2D-46BF-4B9E-84DE-15024D880124}.Release|x64.Build.0 = Release|x64
		{598D7D2D-46BF-4B9E-84DE-15024D880124}.Release|x86.ActiveCfg = Release|Win32
		{598D7D2D-46BF-4B9E-84DE-15024D880124}.Release|x86.Build.0 = Release|Win32
		{9C234674-BD75-448C-9336-851E76A46BDD}.Debug|Any CPU.ActiveCfg = Debug|Win32
		{9C234674-BD75-448C-9336-851E76A46BDD}.Debug|x64.ActiveCfg = Debug|x64
		{9C234674-BD75-448C-9336-851E76A46BDD}.Debug|x64.Build.0 = Debug|x64
		{9C234674-BD75-448C-9336-851E76A46BDD}.Debug|x86.ActiveCfg = Debug|Win32
		{9C234674-BD75-448C-9336-851E76A46BDD}.Debug|x86.Build.0 = Debug|Win32
		{9C234674-BD75-448C-9336-851E76A46BDD}.Release|Any CPU.ActiveCfg = Release|Win32
		{9C234674-BD75-448C-9336-851E76A46BDD}.Release|x64.ActiveCfg = Release|x64
		{9C234674-BD75-448C-9336-851E76A46BDD}.Release|x64.Build.0 = Release|x64
		{9C234674-BD75-448C-9336-851E76A46BDD}.Release|x86.ActiveCfg = Release|Win32
		{9C234674-BD75-448C-9336-851E76A46BDD}.Release|x86.Build.0 = Release|Win32
		{F4689644-0977-4CEC-995F-05041BC9EF85}.Debug|Any CPU.ActiveCfg = Debug|Win32
		{F4689644-0977-4CEC-995F-05041BC9EF85}.Debug|x64.ActiveCfg = Debug|x64
		{F4689644-0977-4CEC-995F-05041BC9EF85}.Debug|x64.Build.0 = Debug|x64
		{F4689644-0977-4CEC-995F-05041BC9EF85}.Debug|x86.ActiveCfg = Debug|Win32
		{F4689644-0977-4CEC-995F-05041BC9EF85}.Debug|x86.Build.0 = Debug|Win32
		{F4689644-0977-4CEC-995F-05041BC9EF85}.Release|Any CPU.ActiveCfg = Release|Win32
		{F4689644-0977-4CEC-995F-05041BC9EF85}.Release|x64.ActiveCfg = Release|x64
		{F4689644-0977-4CEC-995F-05041BC9EF85}.Release|x64.Build.0 = Release|x64
		{F4689644-0977-4CEC-995F-05041BC9EF85}.Release|x86.ActiveCfg = Release|Win32
		{F4689644-0977-4CEC-995F-05041BC9EF85}.Release|x86.Build.0 = Release|Win32
		{CE0B0A4B-AD74-486E-BB85-651B7707BF28}.Debug|Any CPU.ActiveCfg = Debug|Win32
		{CE0B0A4B-AD74-486E-BB85-651B7707BF28}.Debug|x64.ActiveCfg = Debug|x64
		{CE0B0A4B-AD74-486E-BB85-651B7707BF28}.Debug|x64.Build.0 = Debug|x64
		{CE0B0A4B-AD74-486E-BB85-651B7707BF28}.Debug|x86.ActiveCfg = Debug|Win32
		{CE0B0A4B-AD74-486E-BB85-651B7707BF28}.Debug|x86.Build.0 = Debug|Win32
		{CE0B0A4B-AD74-486E-BB85-651B7707BF28}.Release|Any CPU.ActiveCfg = Release|Win32
		{CE0B0A4B-AD74-486E-BB85-651B7707BF28}.Release|x64.ActiveCfg = Release|x64
		{CE0B0A4B-AD74-486E-BB85-651B7707BF28}.Release|x64.Build.0 = Release|x64
		{CE0B0A4B-AD74-486E-BB85-651B7707BF28}.Release|x86.ActiveCfg = Release|Win32
		{CE0B0A4B-AD74-486E-BB85-651B7707BF28}.Release|x86.Build.0 = Release|Win32
		{DCB18203-58B2-4FBB-A2BE-F0856B17DC2A}.Debug|Any CPU.ActiveCfg = Debug|Win32
		{DCB18203-58B2-4FBB-A2BE-F0856B17DC2A}.Debug|x64.ActiveCfg = Debug|x64
		{DCB18203-58B2-4FBB-A2BE-F0856B17DC2A}.Debug|x64.Build.0 = Debug|x64
		{DCB18203-58B2-4FBB-A2BE-F0856B17DC2A}.Debug|x86.ActiveCfg = Debug|Win32
		{DCB18203-58B2-4FBB-A2BE-F0856B17DC2A}.Debug|x86.Build.0 = Debug|Win32
		{DCB18203-58B2-4FBB-A2BE-F0856B17DC2A}.Release|Any CPU.ActiveCfg = Release|Win32
		{DCB18203-58B2-4FBB-A2BE-F0856B17DC2A}.Release|x64.ActiveCfg = Release|x64
		{DCB18203-58B2-4FBB-A2BE-F0856B17DC2A}.Release|x64.Build.0 = Release|x64
		{DCB18203-58B2-4FBB-A2BE-F0856B17DC2A}.Release|x86.ActiveCfg = Release|Win32
		{DCB18203-58B2-4FBB-A2BE-F0856B17DC2A}.Release|x86.Build.0 = Release|Win32
		{A603D25D-4B40-42FD-B65F-E56F1A9544DF}.Debug|Any CPU.ActiveCfg = Debug|Win32
		{A603D25D-4B40-42FD-B65F-E56F1A9544DF}.Debug|x64.ActiveCfg = Debug|x64
		{A603D25D-4B40-42FD-B65F-E56F1A9544DF}.Debug|x64.Build.0 = Debug|x64
		{A603D25D-4B40-42FD-B65F-E56F1A9544DF}.Debug|x86.ActiveCfg = Debug|Win32
		{A603D25D-4B40-42FD-B65F-E56F1A9544DF}.Debug|x86.Build.0 = Debug|Win32
		{A603D25D-4B40-42FD-B65F-E56F1A9544DF}.Release|Any CPU.ActiveCfg = Release|Win32
		{A603D25D-4B40-42FD-B65F-E56F1A9544DF}.Release|x64.ActiveCfg = Release|x64
		{A603D25D-4B40-42FD-B65F-E56F1A9544DF}.Release|x64.Build.0 = Release|x64
		{A603D25D-4B40-42FD-B65F-E56F1A9544DF}.Release|x86.ActiveCfg = Release|Win32
		{A603D25D-4B40-42FD-B65F-E56F1A9544DF}.Release|x86.Build.0 = Release|Win32
		{A75C2BEE-94A8-4412-85E8-77A464361EED}.Debug|Any CPU.ActiveCfg = Debug|Win32
		{A75C2BEE-94A8-4412-85E8-77A464361EED}.Debug|x64.ActiveCfg = Debug|x64
		{A75C2BEE-94A8-4412-85E8-77A464361EED}.Debug|x64.Build.0 = Debug|x64
		{A75C2BEE-94A8-4412-85E8-77A464361EED}.Debug|x86.ActiveCfg = Debug|Win32
		{A75C2BEE-94A8-4412-85E8-77A464361EED}.Debug|x86.Build.0 = Debug|Win32
		{A75C2BEE-94A8-4412-85E8-77A464361EED}.Release|Any CPU.ActiveCfg = Release|Win32
		{A75C2BEE-94A8-4412-85E8-77A464361EED}.Release|x64.ActiveCfg = Release|x64
		{A75C2BEE-94A8-4412-85E8-77A464361EED}.Release|x64.Build.0 = Release|x64
		{A75C2BEE-94A8-4412-85E8-77A464361EED}.Release|x86.ActiveCfg = Release|Win32
		{A75C2BEE-94A8-4412-85E8-77A464361EED}.Release|x86.Build.0 = Release|Win32
		{8C29AA78-7B65-43E8-B53E-CCF26D1D9041}.Debug|Any CPU.ActiveCfg = Debug|Win32
		{8C29AA78-7B65-43E8-B53E-CCF26D1D9041}.Debug|x64.ActiveCfg = Debug|x64
		{8C29AA78-7B65-43E8-B53E-CCF26D1D9041}.Debug|x64.Build.0 = Debug|x64
		{8C29AA78-7B65-43E8-B53E-CCF26D1D9041}.Debug|x86.ActiveCfg = Debug|Win32
		{8C29AA78-7B65-43E8-B53E-CCF26D1D9041}.Debug|x86.Build.0 = Debug|Win32
		{8C29AA78-7B65-43E8-B53E-CCF26D1D9041}.Release|Any CPU.ActiveCfg = Release|Win32
		{8C29AA78-7B65-43E8-B53E-CCF26D1D9041}.Release|x64.ActiveCfg = Release|x64
		{8C29AA78-7B65-43E8-B53E-CCF26D1D9041}.Release|x64.Build.0 = Release|x64
		{8C29AA78-7B65-43E8-B53E-CCF26D1D9041}.Release|x86.ActiveCfg = Release|Win32
		{8C29AA78-7B65-43E8-B53E-CCF26D1D9041}.Release|x86.Build.0 = Release|Win32
		{0D9AF5A1-1E3C-4DA6-BD05-DA8946639F7A}.Debug|Any CPU.ActiveCfg = Debug|Win32
		{0D9AF5A1-1E3C-4DA6-BD05-DA8946639F7A}.Debug|x64.ActiveCfg = Debug|x64
		{0D9AF5A1-1E3C-4DA6-BD05-DA8946639F7A}.Debug|x64.Build.0 = Debug|x64
		{0D9AF5A1-1E3C-4DA6-BD05-DA8946639F7A}.Debug|x86.ActiveCfg = Debug|Win32
		{0D9AF5A1-1E3C-4DA6-BD05-DA8946639F7A}.Debug|x86.Build.0 = Debug|Win32
		{0D9AF5A1-1E3C-4DA6-BD05-DA8946639F7A}.Release|Any CPU.ActiveCfg = Release|Win32
		{0D9AF5A1-1E3C-4DA6-BD05-DA8946639F7A}.Release|x64.ActiveCfg = Release|x64
		{0D9AF5A1-1E3C-4DA6-BD05-DA8946639F7A}.Release|x64.Build.0 = Release|x64
		{0D9AF5A1-1E3C-4DA6-BD05-DA8946639F7A}.Release|x86.ActiveCfg = Release|Win32
		{0D9AF5A1-1E3C-4DA6-BD05-DA8946639F7A}.Release|x86.Build.0 = Release|Win32
		{966F3B93-01DA-4258-A9C8-45F7DC8A333B}.Debug|Any CPU.ActiveCfg = Debug|Win32
		{966F3B93-01DA-4258-A9C8-45F7DC8A333B}.Debug|x64.ActiveCfg = Debug|x64
		{966F3B93-01DA-4258-A9C8-45F7DC8A333B}.Debug|x64.Build.0 = Debug|x64
		{966F3B93-01DA-4258-A9C8-45F7DC8A333B}.Debug|x86.ActiveCfg = Debug|Win32
		{966F3B93-01DA-4258-A9C8-45F7DC8A333B}.Debug|x86.Build.0 = Debug|Win32
		{966F3B93-01DA-4258-A9C8-45F7DC8A333B}.Release|Any CPU.ActiveCfg = Release|Win32
		{966F3B93-01DA-4258-A9C8-45F7DC8A333B}.Release|x64.ActiveCfg = Release|x64
		{966F3B93-01DA-4258-A9C8-45F7DC8A333B}.Release|x64.Build.0 = Release|x64
		{966F3B93-01DA-4258-A9C8-45F7DC8A333B}.Release|x86.ActiveCfg = Release|Win32
		{966F3B93-01DA-4258-A9C8-45F7DC8A333B}.Release|x86.Build.0 = Release|Win32
		{4BB4EAD4-16EE-4694-B510-507CF66F99C2}.Debug|Any CPU.ActiveCfg = Debug|Win32
		{4BB4EAD4-16EE-4694-B510-507CF66F99C2}.Debug|x64.ActiveCfg = Debug|x64
		{4BB4EAD4-16EE-4694-B510-507CF66F99C2}.Debug|x64.Build.0 = Debug|x64
		{4BB4EAD4-16EE-4694-B510-507CF66F99C2}.Debug|x86.ActiveCfg = Debug|Win32
		{4BB4EAD4-16EE-4694-B510-507CF66F99C2}.Debug|x86.Build.0 = Debug|Win32
		{4BB4EAD4-16EE-4694-B510-507CF66F99C2}.Release|Any CPU.ActiveCfg = Release|Win32
		{4BB4EAD4-16EE-4694-B510-507CF66F99C2}.Release|x64.ActiveCfg = Release|x64
		{4BB4EAD4-16EE-4694-B510-507CF66F99C2}.Release|x64.Build.0 = Release|x64
		{4BB4EAD4-16EE-4694-B510-507CF66F99C2}.Release|x86.ActiveCfg = Release|Win32
		{4BB4EAD4-16EE-4694-B510-507CF66F99C2}.Release|x86.Build.0 = Release|Win32
		{16BC0346-F793-40A0-A2A5-E1FDAECE0673}.Debug|Any CPU.ActiveCfg = Debug|Win32
		{16BC0346-F793-40A0-A2A5-E1FDAECE0673}.Debug|x64.ActiveCfg = Debug|x64
		{16BC0346-F793-40A0-A2A5-E1FDAECE0673}.Debug|x64.Build.0 = Debug|x64
		{16BC0346-F793-40A0-A2A5-E1FDAECE0673}.Debug|x86.ActiveCfg = Debug|Win32
		{16BC0346-F793-40A0-A2A5-E1FDAECE0673}.Debug|x86.Build.0 = Debug|Win32
		{16BC0346-F793-40A0-A2A5-E1FDAECE0673}.Release|Any CPU.ActiveCfg = Release|Win32
		{16BC0346-F793-40A0-A2A5-E1FDAECE0673}.Release|x64.ActiveCfg = Release|x64
		{16BC0346-F793-40A0-A2A5-E1FDAECE0673}.Release|x64.Build.0 = Release|x64
		{16BC0346-F793-40A0-A2A5-E1FDAECE0673}.Release|x86.ActiveCfg = Release|Win32
		{16BC0346-F793-40A0-A2A5-E1FDAECE0673}.Release|x86.Build.0 = Release|Win32
		{9506BF3B-42B2-4865-AD99-FCBD1BC54FE0}.Debug|Any CPU.ActiveCfg = Debug|Win32
		{9506BF3B-42B2-4865-AD99-FCBD1BC54FE0}.Debug|x64.ActiveCfg = Debug|x64
		{9506BF3B-42B2-4865-AD99-FCBD1BC54FE0}.Debug|x64.Build.0 = Debug|x64
		{9506BF3B-42B2-4865-AD99-FCBD1BC54FE0}.Debug|x86.ActiveCfg = Debug|Win32
		{9506BF3B-42B2-4865-AD99-FCBD1BC54FE0}.Debug|x86.Build.0 = Debug|Win32
		{9506BF3B-42B2-4865-AD99-FCBD1BC54FE0}.Release|Any CPU.ActiveCfg = Release|Win32
		{9506BF3B-42B2-4865-AD99-FCBD1BC54FE0}.Release|x64.ActiveCfg = Release|x64
		{9506BF3B-42B2-4865-AD99-FCBD1BC54FE0}.Release|x64.Build.0 = Release|x64
		{9506BF3B-42B2-4865-AD99-FCBD1BC54FE0}.Release|x86.ActiveCfg = Release|Win32
		{9506BF3B-42B2-4865-AD99-FCBD1BC54FE0}.Release|x86.Build.0 = Release|Win32
		{59E87008-2A56-45AC-93A3-3A670C76CDDA}.Debug|Any CPU.ActiveCfg = Debug|Win32
		{59E87008-2A56-45AC-93A3-3A670C76CDDA}.Debug|x64.ActiveCfg = Debug|x64
		{59E87008-2A56-45AC-93A3-3A670C76CDDA}.Debug|x64.Build.0 = Debug|x64
		{59E87008-2A56-45AC-93A3-3A670C76CDDA}.Debug|x86.ActiveCfg = Debug|Win32
		{59E87008-2A56-45AC-93A3-3A670C76CDDA}.Debug|x86.Build.0 = Debug|Win32
		{59E87008-2A56-45AC-93A3-3A670C76CDDA}.Release|Any CPU.ActiveCfg = Release|Win32
		{59E87008-2A56-45AC-93A3-3A670C76CDDA}.Release|x64.ActiveCfg = Release|x64
		{59E87008-2A56-45AC-93A3-3A670C76CDDA}.Release|x64.Build.0 = Release|x64
		{59E87008-2A56-45AC-93A3-3A670C76CDDA}.Release|x86.ActiveCfg = Release|Win32
		{59E87008-2A56-45AC-93A3-3A670C76CDDA}.Release|x86.Build.0 = Release|Win32
		{86620BB0-D0C3-4BA0-9410-D0DF66E3A14C}.Debug|Any CPU.ActiveCfg = Debug|Win32
		{86620BB0-D0C3-4BA0-9410-D0DF66E3A14C}.Debug|x64.ActiveCfg = Debug|x64
		{86620BB0-D0C3-4BA0-9410-D0DF66E3A14C}.Debug|x64.Build.0 = Debug|x64
		{86620BB0-D0C3-4BA0-9410-D0DF66E3A14C}.Debug|x86.ActiveCfg = Debug|Win32
		{86620BB0-D0C3-4BA0-9410-D0DF66E3A14C}.Debug|x86.Build.0 = Debug|Win32
		{86620BB0-D0C3-4BA0-9410-D0DF66E3A14C}.Release|Any CPU.ActiveCfg = Release|Win32
		{86620BB0-D0C3-4BA0-9410-D0DF66E3A14C}.Release|x64.ActiveCfg = Release|x64
		{86620BB0-D0C3-4BA0-9410-D0DF66E3A14C}.Release|x64.Build.0 = Release|x64
		{86620BB0-D0C3-4BA0-9410-D0DF66E3A14C}.Release|x86.ActiveCfg = Release|Win32
		{86620BB0-D0C3-4BA0-9410-D0DF66E3A14C}.Release|x86.Build.0 = Release|Win32
		{F07F130F-AA51-40FF-84A9-7A0EEB5DB56C}.Debug|Any CPU.ActiveCfg = Debug|Win32
		{F07F130F-AA51-40FF-84A9-7A0EEB5DB56C}.Debug|x64.ActiveCfg = Debug|x64
		{F07F130F-AA51-40FF-84A9-7A0EEB5DB56C}.Debug|x64.Build.0 = Debug|x64
		{F07F130F-AA51-40FF-84A9-7A0EEB5DB56C}.Debug|x86.ActiveCfg = Debug|Win32
		{F07F130F-AA51-40FF-84A9-7A0EEB5DB56C}.Debug|x86.Build.0 = Debug|Win32
		{F07F130F-AA51-40FF-84A9-7A0EEB5DB56C}.Release|Any CPU.ActiveCfg = Release|Win32
		{F07F130F-AA51-40FF-84A9-7A0EEB5DB56C}.Release|x64.ActiveCfg = Release|x64
		{F07F130F-AA51-40FF-84A9-7A0EEB5DB56C}.Release|x64.Build.0 = Release|x64
		{F07F130F-AA51-40FF-84A9-7A0EEB5DB56C}.Release|x86.ActiveCfg = Release|Win32
		{F07F130F-AA51-40FF-84A9-7A0EEB5DB56C}.Release|x86.Build.0 = Release|Win32
		{F6ED7CED-2A08-4418-813F-4BEF7C8EE42C}.Debug|Any CPU.ActiveCfg = Debug|Win32
		{F6ED7CED-2A08-4418-813F-4BEF7C8EE42C}.Debug|x64.ActiveCfg = Debug|x64
		{F6ED7CED-2A08-4418-813F-4BEF7C8EE42C}.Debug|x64.Build.0 = Debug|x64
		{F6ED7CED-2A08-4418-813F-4BEF7C8EE42C}.Debug|x86.ActiveCfg = Debug|Win32
		{F6ED7CED-2A08-4418-813F-4BEF7C8EE42C}.Debug|x86.Build.0 = Debug|Win32
		{F6ED7CED-2A08-4418-813F-4BEF7C8EE42C}.Release|Any CPU.ActiveCfg = Release|Win32
		{F6ED7CED-2A08-4418-813F-4BEF7C8EE42C}.Release|x64.ActiveCfg = Release|x64
		{F6ED7CED-2A08-4418-813F-4BEF7C8EE42C}.Release|x64.Build.0 = Release|x64
		{F6ED7CED-2A08-4418-813F-4BEF7C8EE42C}.Release|x86.ActiveCfg = Release|Win32
		{F6ED7CED-2A08-4418-813F-4BEF7C8EE42C}.Release|x86.Build.0 = Release|Win32
		{E96070FF-5AB2-4066-BA9A-F1343A915D31}.Debug|Any CPU.ActiveCfg = Debug|Win32
		{E96070FF-5AB2-4066-BA9A-F1343A915D31}.Debug|x64.ActiveCfg = Debug|x64
		{E96070FF-5AB2-4066-BA9A-F1343A915D31}.Debug|x64.Build.0 = Debug|x64
		{E96070FF-5AB2-4066-BA9A-F1343A915D31}.Debug|x86.ActiveCfg = Debug|Win32
		{E96070FF-5AB2-4066-BA9A-F1343A915D31}.Debug|x86.Build.0 = Debug|Win32
		{E96070FF-5AB2-4066-BA9A-F1343A915D31}.Release|Any CPU.ActiveCfg = Release|Win32
		{E96070FF-5AB2-4066-BA9A-F1343A915D31}.Release|x64.ActiveCfg = Release|x64
		{E96070FF-5AB2-4066-BA9A-F1343A915D31}.Release|x64.Build.0 = Release|x64
		{E96070FF-5AB2-4066-BA9A-F1343A915D31}.Release|x86.ActiveCfg = Release|Win32
		{E96070FF-5AB2-4066-BA9A-F1343A915D31}.Release|x86.Build.0 = Release|Win32
		{A37CE9D2-4272-4281-ADDA-19B7C97EDEEB}.Debug|Any CPU.ActiveCfg = Debug|Win32
		{A37CE9D2-4272-4281-ADDA-19B7C97EDEEB}.Debug|x64.ActiveCfg = Debug|x64
		{A37CE9D2-4272-4281-ADDA-19B7C97EDEEB}.Debug|x64.Build.0 = Debug|x64
		{A37CE9D2-4272-4281-ADDA-19B7C97EDEEB}.Debug|x86.ActiveCfg = Debug|Win32
		{A37CE9D2-4272-4281-ADDA-19B7C97EDEEB}.Debug|x86.Build.0 = Debug|Win32
		{A37CE9D2-4272-4281-ADDA-19B7C97EDEEB}.Release|Any CPU.ActiveCfg = Release|Win32
		{A37CE9D2-4272-4281-ADDA-19B7C97EDEEB}.Release|x64.ActiveCfg = Release|x64
		{A37CE9D2-4272-4281-ADDA-19B7C97EDEEB}.Release|x64.Build.0 = Release|x64
		{A37CE9D2-4272-4281-ADDA-19B7C97EDEEB}.Release|x86.ActiveCfg = Release|Win32
		{A37CE9D2-4272-4281-ADDA-19B7C97EDEEB}.Release|x86.Build.0 = Release|Win32
		{BFE3D8C3-074C-4E8B-88AF-593BE2A1E9F0}.Debug|Any CPU.ActiveCfg = Debug|Win32
		{BFE3D8C3-074C-4E8B-88AF-593BE2A1E9F0}.Debug|x64.ActiveCfg = Debug|x64
		{BFE3D8C3-074C-4E8B-88AF-593BE2A1E9F0}.Debug|x64.Build.0 = Debug|x64
		{BFE3D8C3-074C-4E8B-88AF-593BE2A1E9F0}.Debug|x86.ActiveCfg = Debug|Win32
		{BFE3D8C3-074C-4E8B-88AF-593BE2A1E9F0}.Debug|x86.Build.0 = Debug|Win32
		{BFE3D8C3-074C-4E8B-88AF-593BE2A1E9F0}.Release|Any CPU.ActiveCfg = Release|Win32
		{BFE3D8C3-074C-4E8B-88AF-593BE2A1E9F0}.Release|x64.ActiveCfg = Release|x64
		{BFE3D8C3-074C-4E8B-88AF-593BE2A1E9F0}.Release|x64.Build.0 = Release|x64
		{BFE3D8C3-074C-4E8B-88AF-593BE2A1E9F0}.Release|x86.ActiveCfg = Release|Win32
		{BFE3D8C3-074C-4E8B-88AF-593BE2A1E9F0}.Release|x86.Build.0 = Release|Win32
		{734A2657-B3B6-4E38-BEF3-C25EA4B37FAC}.Debug|Any CPU.ActiveCfg = Debug|Win32
		{734A2657-B3B6-4E38-BEF3-C25EA4B37FAC}.Debug|x64.ActiveCfg = Debug|x64
		{734A2657-B3B6-4E38-BEF3-C25EA4B37FAC}.Debug|x64.Build.0 = Debug|x64
		{734A2657-B3B6-4E38-BEF3-C25EA4B37FAC}.Debug|x86.ActiveCfg = Debug|Win32
		{734A2657-B3B6-4E38-BEF3-C25EA4B37FAC}.Debug|x86.Build.0 = Debug|Win32
		{734A2657-B3B6-4E38-BEF3-C25EA4B37FAC}.Release|Any CPU.ActiveCfg = Release|Win32
		{734A2657-B3B6-4E38-BEF3-C25EA4B37FAC}.Release|x64.ActiveCfg = Release|x64
		{734A2657-B3B6-4E38-BEF3-C25EA4B37FAC}.Release|x64.Build.0 = Release|x64
		{734A2657-B3B6-4E38-BEF3-C25EA4B37FAC}.Release|x86.ActiveCfg = Release|Win32
		{734A2657-B3B6-4E38-BEF3-C25EA4B37FAC}.Release|x86.Build.0 = Release|Win32
		{46B12C19-91D8-45D8-8CD3-460CDFA90C3D}.Debug|Any CPU.ActiveCfg = Debug|Win32
		{46B12C19-91D8-45D8-8CD3-460CDFA90C3D}.Debug|x64.ActiveCfg = Debug|x64
		{46B12C19-91D8-45D8-8CD3-460CDFA90C3D}.Debug|x64.Build.0 = Debug|x64
		{46B12C19-91D8-45D8-8CD3-460CDFA90C3D}.Debug|x86.ActiveCfg = Debug|Win32
		{46B12C19-91D8-45D8-8CD3-460CDFA90C3D}.Debug|x86.Build.0 = Debug|Win32
		{46B12C19-91D8-45D8-8CD3-460CDFA90C3D}.Release|Any CPU.ActiveCfg = Release|Win32
		{46B12C19-91D8-45D8-8CD3-460CDFA90C3D}.Release|x64.ActiveCfg = Release|x64
		{46B12C19-91D8-45D8-8CD3-460CDFA90C3D}.Release|x64.Build.0 = Release|x64
		{46B12C19-91D8-45D8-8CD3-460CDFA90C3D}.Release|x86.ActiveCfg = Release|Win32
		{46B12C19-91D8-45D8-8CD3-460CDFA90C3D}.Release|x86.Build.0 = Release|Win32
		{F7BB7136-27CF-4212-B57A-B9D2D7DCD8BB}.Debug|Any CPU.ActiveCfg = Debug|Win32
		{F7BB7136-27CF-4212-B57A-B9D2D7DCD8BB}.Debug|x64.ActiveCfg = Debug|x64
		{F7BB7136-27CF-4212-B57A-B9D2D7DCD8BB}.Debug|x64.Build.0 = Debug|x64
		{F7BB7136-27CF-4212-B57A-B9D2D7DCD8BB}.Debug|x86.ActiveCfg = Debug|Win32
		{F7BB7136-27CF-4212-B57A-B9D2D7DCD8BB}.Debug|x86.Build.0 = Debug|Win32
		{F7BB7136-27CF-4212-B57A-B9D2D7DCD8BB}.Release|Any CPU.ActiveCfg = Release|Win32
		{F7BB7136-27CF-4212-B57A-B9D2D7DCD8BB}.Release|x64.ActiveCfg = Release|x64
		{F7BB7136-27CF-4212-B57A-B9D2D7DCD8BB}.Release|x64.Build.0 = Release|x64
		{F7BB7136-27CF-4212-B57A-B9D2D7DCD8BB}.Release|x86.ActiveCfg = Release|Win32
		{F7BB7136-27CF-4212-B57A-B9D2D7DCD8BB}.Release|x86.Build.0 = Release|Win32
		{D97BC09D-DB50-4D8F-A0D0-B985A2D8EAF6}.Debug|Any CPU.ActiveCfg = Debug|Win32
		{D97BC09D-DB50-4D8F-A0D0-B985A2D8EAF6}.Debug|x64.ActiveCfg = Debug|x64
		{D97BC09D-DB50-4D8F-A0D0-B985A2D8EAF6}.Debug|x64.Build.0 = Debug|x64
		{D97BC09D-DB50-4D8F-A0D0-B985A2D8EAF6}.Debug|x86.ActiveCfg = Debug|Win32
		{D97BC09D-DB50-4D8F-A0D0-B985A2D8EAF6}.Debug|x86.Build.0 = Debug|Win32
		{D97BC09D-DB50-4D8F-A0D0-B985A2D8EAF6}.Release|Any CPU.ActiveCfg = Release|Win32
		{D97BC09D-DB50-4D8F-A0D0-B985A2D8EAF6}.Release|x64.ActiveCfg = Release|x64
		{D97BC09D-DB50-4D8F-A0D0-B985A2D8EAF6}.Release|x64.Build.0 = Release|x64
		{D97BC09D-DB50-4D8F-A0D0-B985A2D8EAF6}.Release|x86.ActiveCfg = Release|Win32
		{D97BC09D-DB50-4D8F-A0D0-B985A2D8EAF6}.Release|x86.Build.0 = Release|Win32
		{9D0790FB-B0FC-47E6-B9B1-1BD3D3D416EB}.Debug|Any CPU.ActiveCfg = Debug|Win32
		{9D0790FB-B0FC-47E6-B9B1-1BD3D3D416EB}.Debug|x64.ActiveCfg = Debug|x64
		{9D0790FB-B0FC-47E6-B9B1-1BD3D3D416EB}.Debug|x64.Build.0 = Debug|x64
		{9D0790FB-B0FC-47E6-B9B1-1BD3D3D416EB}.Debug|x86.ActiveCfg = Debug|Win32
		{9D0790FB-B0FC-47E6-B9B1-1BD3D3D416EB}.Debug|x86.Build.0 = Debug|Win32
		{9D0790FB-B0FC-47E6-B9B1-1BD3D3D416EB}.Release|Any CPU.ActiveCfg = Release|Win32
		{9D0790FB-B0FC-47E6-B9B1-1BD3D3D416EB}.Release|x64.ActiveCfg = Release|x64
		{9D0790FB-B0FC-47E6-B9B1-1BD3D3D416EB}.Release|x64.Build.0 = Release|x64
		{9D0790FB-B0FC-47E6-B9B1-1BD3D3D416EB}.Release|x86.ActiveCfg = Release|Win32
		{9D0790FB-B0FC-47E6-B9B1-1BD3D3D416EB}.Release|x86.Build.0 = Release|Win32
	EndGlobalSection
	GlobalSection(SolutionProperties) = preSolution
		HideSolutionNode = FALSE
	EndGlobalSection
	GlobalSection(ExtensibilityGlobals) = postSolution
		SolutionGuid = {D6BF9601-BD01-44FB-91E5-77223E803338}
	EndGlobalSection
EndGlobal
